
Microsoft Visual Studio Solution File, Format Version 12.00
# Visual Studio Version 16
VisualStudioVersion = 16.0.30907.101
MinimumVisualStudioVersion = 10.0.40219.1
Project("{FAE04EC0-301F-11D3-BF4B-00C04F79EFBC}") = "RouteToCode", "RouteToCode\RouteToCode.csproj", "{7BC1AA56-E9E9-462D-B3A1-613E53F54FC5}"
EndProject
Global
	GlobalSection(SolutionConfigurationPlatforms) = preSolution
		Debug|Any CPU = Debug|Any CPU
		Release|Any CPU = Release|Any CPU
	EndGlobalSection
	GlobalSection(ProjectConfigurationPlatforms) = postSolution
		{7BC1AA56-E9E9-462D-B3A1-613E53F54FC5}.Debug|Any CPU.ActiveCfg = Debug|Any CPU
		{7BC1AA56-E9E9-462D-B3A1-613E53F54FC5}.Debug|Any CPU.Build.0 = Debug|Any CPU
		{7BC1AA56-E9E9-462D-B3A1-613E53F54FC5}.Release|Any CPU.ActiveCfg = Release|Any CPU
		{7BC1AA56-E9E9-462D-B3A1-613E53F54FC5}.Release|Any CPU.Build.0 = Release|Any CPU
	EndGlobalSection
	GlobalSection(SolutionProperties) = preSolution
		HideSolutionNode = FALSE
	EndGlobalSection
	GlobalSection(ExtensibilityGlobals) = postSolution
		SolutionGuid = {E9243979-D4A3-437F-96F5-49F6F7E46311}
	EndGlobalSection
EndGlobal
